<Solution>
  <Configurations>
    <Platform Name="x64" />
  </Configurations>
  <Project Path="ArcherReposition/ArcherReposition.csproj">
    <Platform Project="x64" />
  </Project>
  <Project Path="ArcherReposition/ArcherRepositionMCM/ArcherRepositionMCM.csproj">
    <Platform Project="x64" />
  </Project>
</Solution>
